// !$*UTF8*$!
{
	archiveVersion = 1;
	classes = {
	};
	objectVersion = 77;
	objects = {

/* Begin PBXBuildFile section */
		245ECD258FD1AB6CE3B772F7 /* Pods_workoutTests.framework in Frameworks */ = {isa = PBXBuildFile; fileRef = B55F7672B28A8D56B679707C /* Pods_workoutTests.framework */; };
		432F12198A1006AC08B02CB1 /* Pods_workout.framework in Frameworks */ = {isa = PBXBuildFile; fileRef = 25133236E7801B659F62B284 /* Pods_workout.framework */; };
		D2E136252C42969A449453BD /* Pods_workoutUITests.framework in Frameworks */ = {isa = PBXBuildFile; fileRef = 8C97095FA8658EB07CAB54AC /* Pods_workoutUITests.framework */; };
/* End PBXBuildFile section */

/* Begin PBXContainerItemProxy section */
		FA301B5C2F05FB760005BF68 /* PBXContainerItemProxy */ = {
			isa = PBXContainerItemProxy;
			containerPortal = FA301B412F05FB720005BF68 /* Project object */;
			proxyType = 1;
			remoteGlobalIDString = FA301B482F05FB720005BF68;
			remoteInfo = workout;
		};
		FA301B662F05FB760005BF68 /* PBXContainerItemProxy */ = {
			isa = PBXContainerItemProxy;
			containerPortal = FA301B412F05FB720005BF68 /* Project object */;
			proxyType = 1;
			remoteGlobalIDString = FA301B482F05FB720005BF68;
			remoteInfo = workout;
		};
/* End PBXContainerItemProxy section */

/* Begin PBXFileReference section */
		25133236E7801B659F62B284 /* Pods_workout.framework */ = {isa = PBXFileReference; explicitFileType = wrapper.framework; includeInIndex = 0; path = Pods_workout.framework; sourceTree = BUILT_PRODUCTS_DIR; };
		35A52EAE53A4B89ABF1391DA /* Pods-workoutUITests.debug.xcconfig */ = {isa = PBXFileReference; includeInIndex = 1; lastKnownFileType = text.xcconfig; name = "Pods-workoutUITests.debug.xcconfig"; path = "Target Support Files/Pods-workoutUITests/Pods-workoutUITests.debug.xcconfig"; sourceTree = "<group>"; };
		43DB595D3F6F75AE7282DA6D /* Pods-workoutTests.debug.xcconfig */ = {isa = PBXFileReference; includeInIndex = 1; lastKnownFileType = text.xcconfig; name = "Pods-workoutTests.debug.xcconfig"; path = "Target Support Files/Pods-workoutTests/Pods-workoutTests.debug.xcconfig"; sourceTree = "<group>"; };
		8342BABC707970470859B2B6 /* Pods-workout.release.xcconfig */ = {isa = PBXFileReference; includeInIndex = 1; lastKnownFileType = text.xcconfig; name = "Pods-workout.release.xcconfig"; path = "Target Support Files/Pods-workout/Pods-workout.release.xcconfig"; sourceTree = "<group>"; };
		8C97095FA8658EB07CAB54AC /* Pods_workoutUITests.framework */ = {isa = PBXFileReference; explicitFileType = wrapper.framework; includeInIndex = 0; path = Pods_workoutUITests.framework; sourceTree = BUILT_PRODUCTS_DIR; };
		9E2B110DF21CE76264708AED /* Pods-workout.debug.xcconfig */ = {isa = PBXFileReference; includeInIndex = 1; lastKnownFileType = text.xcconfig; name = "Pods-workout.debug.xcconfig"; path = "Target Support Files/Pods-workout/Pods-workout.debug.xcconfig"; sourceTree = "<group>"; };
		B55F7672B28A8D56B679707C /* Pods_workoutTests.framework */ = {isa = PBXFileReference; explicitFileType = wrapper.framework; includeInIndex = 0; path = Pods_workoutTests.framework; sourceTree = BUILT_PRODUCTS_DIR; };
		C52BDC763F65D3F3AA0D65E4 /* Pods-workoutTests.release.xcconfig */ = {isa = PBXFileReference; includeInIndex = 1; lastKnownFileType = text.xcconfig; name = "Pods-workoutTests.release.xcconfig"; path = "Target Support Files/Pods-workoutTests/Pods-workoutTests.release.xcconfig"; sourceTree = "<group>"; };
		E5E198F5ADB60D4EC50B5858 /* Pods-workoutUITests.release.xcconfig */ = {isa = PBXFileReference; includeInIndex = 1; lastKnownFileType = text.xcconfig; name = "Pods-workoutUITests.release.xcconfig"; path = "Target Support Files/Pods-workoutUITests/Pods-workoutUITests.release.xcconfig"; sourceTree = "<group>"; };
		FA301B492F05FB730005BF68 /* workout.app */ = {isa = PBXFileReference; explicitFileType = wrapper.application; includeInIndex = 0; path = workout.app; sourceTree = BUILT_PRODUCTS_DIR; };
		FA301B5B2F05FB760005BF68 /* workoutTests.xctest */ = {isa = PBXFileReference; explicitFileType = wrapper.cfbundle; includeInIndex = 0; path = workoutTests.xctest; sourceTree = BUILT_PRODUCTS_DIR; };
		FA301B652F05FB760005BF68 /* workoutUITests.xctest */ = {isa = PBXFileReference; explicitFileType = wrapper.cfbundle; includeInIndex = 0; path = workoutUITests.xctest; sourceTree = BUILT_PRODUCTS_DIR; };
/* End PBXFileReference section */

/* Begin PBXFileSystemSynchronizedRootGroup section */
		FA301B4B2F05FB730005BF68 /* workout */ = {
			isa = PBXFileSystemSynchronizedRootGroup;
			exceptions = (
			);
			path = workout;
			sourceTree = "<group>";
		};
		FA301B5E2F05FB760005BF68 /* workoutTests */ = {
			isa = PBXFileSystemSynchronizedRootGroup;
			exceptions = (
			);
			path = workoutTests;
			sourceTree = "<group>";
		};
		FA301B682F05FB760005BF68 /* workoutUITests */ = {
			isa = PBXFileSystemSynchronizedRootGroup;
			exceptions = (
			);
			path = workoutUITests;
			sourceTree = "<group>";
		};
/* End PBXFileSystemSynchronizedRootGroup section */

/* Begin PBXFrameworksBuildPhase section */
		FA301B462F05FB720005BF68 /* Frameworks */ = {
			isa = PBXFrameworksBuildPhase;
			buildActionMask = 2147483647;
			files = (
				432F12198A1006AC08B02CB1 /* Pods_workout.framework in Frameworks */,
			);
			runOnlyForDeploymentPostprocessing = 0;
		};
		FA301B582F05FB760005BF68 /* Frameworks */ = {
			isa = PBXFrameworksBuildPhase;
			buildActionMask = 2147483647;
			files = (
				245ECD258FD1AB6CE3B772F7 /* Pods_workoutTests.framework in Frameworks */,
			);
			runOnlyForDeploymentPostprocessing = 0;
		};
		FA301B622F05FB760005BF68 /* Frameworks */ = {
			isa = PBXFrameworksBuildPhase;
			buildActionMask = 2147483647;
			files = (
				D2E136252C42969A449453BD /* Pods_workoutUITests.framework in Frameworks */,
			);
			runOnlyForDeploymentPostprocessing = 0;
		};
/* End PBXFrameworksBuildPhase section */

/* Begin PBXGroup section */
		2F5E08D8FE966EFAF6AB792B /* Pods */ = {
			isa = PBXGroup;
			children = (
				9E2B110DF21CE76264708AED /* Pods-workout.debug.xcconfig */,
				8342BABC707970470859B2B6 /* Pods-workout.release.xcconfig */,
				43DB595D3F6F75AE7282DA6D /* Pods-workoutTests.debug.xcconfig */,
				C52BDC763F65D3F3AA0D65E4 /* Pods-workoutTests.release.xcconfig */,
				35A52EAE53A4B89ABF1391DA /* Pods-workoutUITests.debug.xcconfig */,
				E5E198F5ADB60D4EC50B5858 /* Pods-workoutUITests.release.xcconfig */,
			);
			name = Pods;
			path = Pods;
			sourceTree = "<group>";
		};
		792417EC33ABAA39F9AB4D25 /* Frameworks */ = {
			isa = PBXGroup;
			children = (
				25133236E7801B659F62B284 /* Pods_workout.framework */,
				B55F7672B28A8D56B679707C /* Pods_workoutTests.framework */,
				8C97095FA8658EB07CAB54AC /* Pods_workoutUITests.framework */,
			);
			name = Frameworks;
			sourceTree = "<group>";
		};
		FA301B402F05FB720005BF68 = {
			isa = PBXGroup;
			children = (
				FA301B4B2F05FB730005BF68 /* workout */,
				FA301B5E2F05FB760005BF68 /* workoutTests */,
				FA301B682F05FB760005BF68 /* workoutUITests */,
				FA301B4A2F05FB730005BF68 /* Products */,
				2F5E08D8FE966EFAF6AB792B /* Pods */,
				792417EC33ABAA39F9AB4D25 /* Frameworks */,
			);
			sourceTree = "<group>";
		};
		FA301B4A2F05FB730005BF68 /* Products */ = {
			isa = PBXGroup;
			children = (
				FA301B492F05FB730005BF68 /* workout.app */,
				FA301B5B2F05FB760005BF68 /* workoutTests.xctest */,
				FA301B652F05FB760005BF68 /* workoutUITests.xctest */,
			);
			name = Products;
			sourceTree = "<group>";
		};
/* End PBXGroup section */

/* Begin PBXNativeTarget section */
		FA301B482F05FB720005BF68 /* workout */ = {
			isa = PBXNativeTarget;
			buildConfigurationList = FA301B6F2F05FB760005BF68 /* Build configuration list for PBXNativeTarget "workout" */;
			buildPhases = (
				EF57F60F7794BC40AAC0DE46 /* [CP] Check Pods Manifest.lock */,
				FA301B452F05FB720005BF68 /* Sources */,
				FA301B462F05FB720005BF68 /* Frameworks */,
				FA301B472F05FB720005BF68 /* Resources */,
				BED5600211AF9B931B7DA0D8 /* [CP] Copy Pods Resources */,
			);
			buildRules = (
			);
			dependencies = (
			);
			fileSystemSynchronizedGroups = (
				FA301B4B2F05FB730005BF68 /* workout */,
			);
			name = workout;
			productName = workout;
			productReference = FA301B492F05FB730005BF68 /* workout.app */;
			productType = "com.apple.product-type.application";
		};
		FA301B5A2F05FB760005BF68 /* workoutTests */ = {
			isa = PBXNativeTarget;
			buildConfigurationList = FA301B722F05FB760005BF68 /* Build configuration list for PBXNativeTarget "workoutTests" */;
			buildPhases = (
				46A8175A98EFD0F0E986000B /* [CP] Check Pods Manifest.lock */,
				FA301B572F05FB760005BF68 /* Sources */,
				FA301B582F05FB760005BF68 /* Frameworks */,
				FA301B592F05FB760005BF68 /* Resources */,
			);
			buildRules = (
			);
			dependencies = (
				FA301B5D2F05FB760005BF68 /* PBXTargetDependency */,
			);
			fileSystemSynchronizedGroups = (
				FA301B5E2F05FB760005BF68 /* workoutTests */,
			);
			name = workoutTests;
			productName = workoutTests;
			productReference = FA301B5B2F05FB760005BF68 /* workoutTests.xctest */;
			productType = "com.apple.product-type.bundle.unit-test";
		};
		FA301B642F05FB760005BF68 /* workoutUITests */ = {
			isa = PBXNativeTarget;
			buildConfigurationList = FA301B752F05FB760005BF68 /* Build configuration list for PBXNativeTarget "workoutUITests" */;
			buildPhases = (
				E64C63A759AB3D0D2E00FA9E /* [CP] Check Pods Manifest.lock */,
				FA301B612F05FB760005BF68 /* Sources */,
				FA301B622F05FB760005BF68 /* Frameworks */,
				FA301B632F05FB760005BF68 /* Resources */,
			);
			buildRules = (
			);
			dependencies = (
				FA301B672F05FB760005BF68 /* PBXTargetDependency */,
			);
			fileSystemSynchronizedGroups = (
				FA301B682F05FB760005BF68 /* workoutUITests */,
			);
			name = workoutUITests;
			productName = workoutUITests;
			productReference = FA301B652F05FB760005BF68 /* workoutUITests.xctest */;
			productType = "com.apple.product-type.bundle.ui-testing";
		};
/* End PBXNativeTarget section */

/* Begin PBXProject section */
		FA301B412F05FB720005BF68 /* Project object */ = {
			isa = PBXProject;
			attributes = {
				BuildIndependentTargetsInParallel = 1;
				LastSwiftUpdateCheck = 1620;
				LastUpgradeCheck = 1620;
				TargetAttributes = {
					FA301B482F05FB720005BF68 = {
						CreatedOnToolsVersion = 16.2;
					};
					FA301B5A2F05FB760005BF68 = {
						CreatedOnToolsVersion = 16.2;
						TestTargetID = FA301B482F05FB720005BF68;
					};
					FA301B642F05FB760005BF68 = {
						CreatedOnToolsVersion = 16.2;
						TestTargetID = FA301B482F05FB720005BF68;
					};
				};
			};
			buildConfigurationList = FA301B442F05FB720005BF68 /* Build configuration list for PBXProject "workout" */;
			developmentRegion = en;
			hasScannedForEncodings = 0;
			knownRegions = (
				en,
				Base,
			);
			mainGroup = FA301B402F05FB720005BF68;
			minimizedProjectReferenceProxies = 1;
			packageReferences = (
				FA73868A2F0C109E004D1470 /* XCRemoteSwiftPackageReference "swift-package-manager-google-mobile-ads" */,
			);
			preferredProjectObjectVersion = 77;
			productRefGroup = FA301B4A2F05FB730005BF68 /* Products */;
			projectDirPath = "";
			projectRoot = "";
			targets = (
				FA301B482F05FB720005BF68 /* workout */,
				FA301B5A2F05FB760005BF68 /* workoutTests */,
				FA301B642F05FB760005BF68 /* workoutUITests */,
			);
		};
/* End PBXProject section */

/* Begin PBXResourcesBuildPhase section */
		FA301B472F05FB720005BF68 /* Resources */ = {
			isa = PBXResourcesBuildPhase;
			buildActionMask = 2147483647;
			files = (
			);
			runOnlyForDeploymentPostprocessing = 0;
		};
		FA301B592F05FB760005BF68 /* Resources */ = {
			isa = PBXResourcesBuildPhase;
			buildActionMask = 2147483647;
			files = (
			);
			runOnlyForDeploymentPostprocessing = 0;
		};
		FA301B632F05FB760005BF68 /* Resources */ = {
			isa = PBXResourcesBuildPhase;
			buildActionMask = 2147483647;
			files = (
			);
			runOnlyForDeploymentPostprocessing = 0;
		};
/* End PBXResourcesBuildPhase section */

/* Begin PBXShellScriptBuildPhase section */
		46A8175A98EFD0F0E986000B /* [CP] Check Pods Manifest.lock */ = {
			isa = PBXShellScriptBuildPhase;
			buildActionMask = 2147483647;
			files = (
			);
			inputFileListPaths = (
			);
			inputPaths = (
				"${PODS_PODFILE_DIR_PATH}/Podfile.lock",
				"${PODS_ROOT}/Manifest.lock",
			);
			name = "[CP] Check Pods Manifest.lock";
			outputFileListPaths = (
			);
			outputPaths = (
				"$(DERIVED_FILE_DIR)/Pods-workoutTests-checkManifestLockResult.txt",
			);
			runOnlyForDeploymentPostprocessing = 0;
			shellPath = /bin/sh;
			shellScript = "diff \"${PODS_PODFILE_DIR_PATH}/Podfile.lock\" \"${PODS_ROOT}/Manifest.lock\" > /dev/null\nif [ $? != 0 ] ; then\n    # print error to STDERR\n    echo \"error: The sandbox is not in sync with the Podfile.lock. Run 'pod install' or update your CocoaPods installation.\" >&2\n    exit 1\nfi\n# This output is used by Xcode 'outputs' to avoid re-running this script phase.\necho \"SUCCESS\" > \"${SCRIPT_OUTPUT_FILE_0}\"\n";
			showEnvVarsInLog = 0;
		};
		BED5600211AF9B931B7DA0D8 /* [CP] Copy Pods Resources */ = {
			isa = PBXShellScriptBuildPhase;
			buildActionMask = 2147483647;
			files = (
			);
			inputFileListPaths = (
				"${PODS_ROOT}/Target Support Files/Pods-workout/Pods-workout-resources-${CONFIGURATION}-input-files.xcfilelist",
			);
			name = "[CP] Copy Pods Resources";
			outputFileListPaths = (
				"${PODS_ROOT}/Target Support Files/Pods-workout/Pods-workout-resources-${CONFIGURATION}-output-files.xcfilelist",
			);
			runOnlyForDeploymentPostprocessing = 0;
			shellPath = /bin/sh;
			shellScript = "\"${PODS_ROOT}/Target Support Files/Pods-workout/Pods-workout-resources.sh\"\n";
			showEnvVarsInLog = 0;
		};
		E64C63A759AB3D0D2E00FA9E /* [CP] Check Pods Manifest.lock */ = {
			isa = PBXShellScriptBuildPhase;
			buildActionMask = 2147483647;
			files = (
			);
			inputFileListPaths = (
			);
			inputPaths = (
				"${PODS_PODFILE_DIR_PATH}/Podfile.lock",
				"${PODS_ROOT}/Manifest.lock",
			);
			name = "[CP] Check Pods Manifest.lock";
			outputFileListPaths = (
			);
			outputPaths = (
				"$(DERIVED_FILE_DIR)/Pods-workoutUITests-checkManifestLockResult.txt",
			);
			runOnlyForDeploymentPostprocessing = 0;
			shellPath = /bin/sh;
			shellScript = "diff \"${PODS_PODFILE_DIR_PATH}/Podfile.lock\" \"${PODS_ROOT}/Manifest.lock\" > /dev/null\nif [ $? != 0 ] ; then\n    # print error to STDERR\n    echo \"error: The sandbox is not in sync with the Podfile.lock. Run 'pod install' or update your CocoaPods installation.\" >&2\n    exit 1\nfi\n# This output is used by Xcode 'outputs' to avoid re-running this script phase.\necho \"SUCCESS\" > \"${SCRIPT_OUTPUT_FILE_0}\"\n";
			showEnvVarsInLog = 0;
		};
		EF57F60F7794BC40AAC0DE46 /* [CP] Check Pods Manifest.lock */ = {
			isa = PBXShellScriptBuildPhase;
			buildActionMask = 2147483647;
			files = (
			);
			inputFileListPaths = (
			);
			inputPaths = (
				"${PODS_PODFILE_DIR_PATH}/Podfile.lock",
				"${PODS_ROOT}/Manifest.lock",
			);
			name = "[CP] Check Pods Manifest.lock";
			outputFileListPaths = (
			);
			outputPaths = (
				"$(DERIVED_FILE_DIR)/Pods-workout-checkManifestLockResult.txt",
			);
			runOnlyForDeploymentPostprocessing = 0;
			shellPath = /bin/sh;
			shellScript = "diff \"${PODS_PODFILE_DIR_PATH}/Podfile.lock\" \"${PODS_ROOT}/Manifest.lock\" > /dev/null\nif [ $? != 0 ] ; then\n    # print error to STDERR\n    echo \"error: The sandbox is not in sync with the Podfile.lock. Run 'pod install' or update your CocoaPods installation.\" >&2\n    exit 1\nfi\n# This output is used by Xcode 'outputs' to avoid re-running this script phase.\necho \"SUCCESS\" > \"${SCRIPT_OUTPUT_FILE_0}\"\n";
			showEnvVarsInLog = 0;
		};
/* End PBXShellScriptBuildPhase section */

/* Begin PBXSourcesBuildPhase section */
		FA301B452F05FB720005BF68 /* Sources */ = {
			isa = PBXSourcesBuildPhase;
			buildActionMask = 2147483647;
			files = (
			);
			runOnlyForDeploymentPostprocessing = 0;
		};
		FA301B572F05FB760005BF68 /* Sources */ = {
			isa = PBXSourcesBuildPhase;
			buildActionMask = 2147483647;
			files = (
			);
			runOnlyForDeploymentPostprocessing = 0;
		};
		FA301B612F05FB760005BF68 /* Sources */ = {
			isa = PBXSourcesBuildPhase;
			buildActionMask = 2147483647;
			files = (
			);
			runOnlyForDeploymentPostprocessing = 0;
		};
/* End PBXSourcesBuildPhase section */

/* Begin PBXTargetDependency section */
		FA301B5D2F05FB760005BF68 /* PBXTargetDependency */ = {
			isa = PBXTargetDependency;
			target = FA301B482F05FB720005BF68 /* workout */;
			targetProxy = FA301B5C2F05FB760005BF68 /* PBXContainerItemProxy */;
		};
		FA301B672F05FB760005BF68 /* PBXTargetDependency */ = {
			isa = PBXTargetDependency;
			target = FA301B482F05FB720005BF68 /* workout */;
			targetProxy = FA301B662F05FB760005BF68 /* PBXContainerItemProxy */;
		};
/* End PBXTargetDependency section */

/* Begin XCBuildConfiguration section */
		FA301B6D2F05FB760005BF68 /* Debug */ = {
			isa = XCBuildConfiguration;
			buildSettings = {
				ALWAYS_SEARCH_USER_PATHS = NO;
				ASSETCATALOG_COMPILER_GENERATE_SWIFT_ASSET_SYMBOL_EXTENSIONS = YES;
				CLANG_ANALYZER_NONNULL = YES;
				CLANG_ANALYZER_NUMBER_OBJECT_CONVERSION = YES_AGGRESSIVE;
				CLANG_CXX_LANGUAGE_STANDARD = "gnu++20";
				CLANG_ENABLE_MODULES = YES;
				CLANG_ENABLE_OBJC_ARC = YES;
				CLANG_ENABLE_OBJC_WEAK = YES;
				CLANG_WARN_BLOCK_CAPTURE_AUTORELEASING = YES;
				CLANG_WARN_BOOL_CONVERSION = YES;
				CLANG_WARN_COMMA = YES;
				CLANG_WARN_CONSTANT_CONVERSION = YES;
				CLANG_WARN_DEPRECATED_OBJC_IMPLEMENTATIONS = YES;
				CLANG_WARN_DIRECT_OBJC_ISA_USAGE = YES_ERROR;
				CLANG_WARN_DOCUMENTATION_COMMENTS = YES;
				CLANG_WARN_EMPTY_BODY = YES;
				CLANG_WARN_ENUM_CONVERSION = YES;
				CLANG_WARN_INFINITE_RECURSION = YES;
				CLANG_WARN_INT_CONVERSION = YES;
				CLANG_WARN_NON_LITERAL_NULL_CONVERSION = YES;
				CLANG_WARN_OBJC_IMPLICIT_RETAIN_SELF = YES;
				CLANG_WARN_OBJC_LITERAL_CONVERSION = YES;
				CLANG_WARN_OBJC_ROOT_CLASS = YES_ERROR;
				CLANG_WARN_QUOTED_INCLUDE_IN_FRAMEWORK_HEADER = YES;
				CLANG_WARN_RANGE_LOOP_ANALYSIS = YES;
				CLANG_WARN_STRICT_PROTOTYPES = YES;
				CLANG_WARN_SUSPICIOUS_MOVE = YES;
				CLANG_WARN_UNGUARDED_AVAILABILITY = YES_AGGRESSIVE;
				CLANG_WARN_UNREACHABLE_CODE = YES;
				CLANG_WARN__DUPLICATE_METHOD_MATCH = YES;
				COPY_PHASE_STRIP = NO;
				DEBUG_INFORMATION_FORMAT = dwarf;
				ENABLE_STRICT_OBJC_MSGSEND = YES;
				ENABLE_TESTABILITY = YES;
				ENABLE_USER_SCRIPT_SANDBOXING = YES;
				GCC_C_LANGUAGE_STANDARD = gnu17;
				GCC_DYNAMIC_NO_PIC = NO;
				GCC_NO_COMMON_BLOCKS = YES;
				GCC_OPTIMIZATION_LEVEL = 0;
				GCC_PREPROCESSOR_DEFINITIONS = (
					"DEBUG=1",
					"$(inherited)",
				);
				GCC_WARN_64_TO_32_BIT_CONVERSION = YES;
				GCC_WARN_ABOUT_RETURN_TYPE = YES_ERROR;
				GCC_WARN_UNDECLARED_SELECTOR = YES;
				GCC_WARN_UNINITIALIZED_AUTOS = YES_AGGRESSIVE;
				GCC_WARN_UNUSED_FUNCTION = YES;
				GCC_WARN_UNUSED_VARIABLE = YES;
				IPHONEOS_DEPLOYMENT_TARGET = 18.2;
				LOCALIZATION_PREFERS_STRING_CATALOGS = YES;
				MTL_ENABLE_DEBUG_INFO = INCLUDE_SOURCE;
				MTL_FAST_MATH = YES;
				ONLY_ACTIVE_ARCH = YES;
				SDKROOT = iphoneos;
				SWIFT_ACTIVE_COMPILATION_CONDITIONS = "DEBUG $(inherited)";
				SWIFT_OPTIMIZATION_LEVEL = "-Onone";
			};
			name = Debug;
		};
		FA301B6E2F05FB760005BF68 /* Release */ = {
			isa = XCBuildConfiguration;
			buildSettings = {
				ALWAYS_SEARCH_USER_PATHS = NO;
				ASSETCATALOG_COMPILER_GENERATE_SWIFT_ASSET_SYMBOL_EXTENSIONS = YES;
				CLANG_ANALYZER_NONNULL = YES;
				CLANG_ANALYZER_NUMBER_OBJECT_CONVERSION = YES_AGGRESSIVE;
				CLANG_CXX_LANGUAGE_STANDARD = "gnu++20";
				CLANG_ENABLE_MODULES = YES;
				CLANG_ENABLE_OBJC_ARC = YES;
				CLANG_ENABLE_OBJC_WEAK = YES;
				CLANG_WARN_BLOCK_CAPTURE_AUTORELEASING = YES;
				CLANG_WARN_BOOL_CONVERSION = YES;
				CLANG_WARN_COMMA = YES;
				CLANG_WARN_CONSTANT_CONVERSION = YES;
				CLANG_WARN_DEPRECATED_OBJC_IMPLEMENTATIONS = YES;
				CLANG_WARN_DIRECT_OBJC_ISA_USAGE = YES_ERROR;
				CLANG_WARN_DOCUMENTATION_COMMENTS = YES;
				CLANG_WARN_EMPTY_BODY = YES;
				CLANG_WARN_ENUM_CONVERSION = YES;
				CLANG_WARN_INFINITE_RECURSION = YES;
				CLANG_WARN_INT_CONVERSION = YES;
				CLANG_WARN_NON_LITERAL_NULL_CONVERSION = YES;
				CLANG_WARN_OBJC_IMPLICIT_RETAIN_SELF = YES;
				CLANG_WARN_OBJC_LITERAL_CONVERSION = YES;
				CLANG_WARN_OBJC_ROOT_CLASS = YES_ERROR;
				CLANG_WARN_QUOTED_INCLUDE_IN_FRAMEWORK_HEADER = YES;
				CLANG_WARN_RANGE_LOOP_ANALYSIS = YES;
				CLANG_WARN_STRICT_PROTOTYPES = YES;
				CLANG_WARN_SUSPICIOUS_MOVE = YES;
				CLANG_WARN_UNGUARDED_AVAILABILITY = YES_AGGRESSIVE;
				CLANG_WARN_UNREACHABLE_CODE = YES;
				CLANG_WARN__DUPLICATE_METHOD_MATCH = YES;
				COPY_PHASE_STRIP = NO;
				DEBUG_INFORMATION_FORMAT = "dwarf-with-dsym";
				ENABLE_NS_ASSERTIONS = NO;
				ENABLE_STRICT_OBJC_MSGSEND = YES;
				ENABLE_USER_SCRIPT_SANDBOXING = YES;
				GCC_C_LANGUAGE_STANDARD = gnu17;
				GCC_NO_COMMON_BLOCKS = YES;
				GCC_WARN_64_TO_32_BIT_CONVERSION = YES;
				GCC_WARN_ABOUT_RETURN_TYPE = YES_ERROR;
				GCC_WARN_UNDECLARED_SELECTOR = YES;
				GCC_WARN_UNINITIALIZED_AUTOS = YES_AGGRESSIVE;
				GCC_WARN_UNUSED_FUNCTION = YES;
				GCC_WARN_UNUSED_VARIABLE = YES;
				IPHONEOS_DEPLOYMENT_TARGET = 18.2;
				LOCALIZATION_PREFERS_STRING_CATALOGS = YES;
				MTL_ENABLE_DEBUG_INFO = NO;
				MTL_FAST_MATH = YES;
				SDKROOT = iphoneos;
				SWIFT_COMPILATION_MODE = wholemodule;
				VALIDATE_PRODUCT = YES;
			};
			name = Release;
		};
		FA301B702F05FB760005BF68 /* Debug */ = {
			isa = XCBuildConfiguration;
			baseConfigurationReference = 9E2B110DF21CE76264708AED /* Pods-workout.debug.xcconfig */;
			buildSettings = {
				ASSETCATALOG_COMPILER_APPICON_NAME = AppIcon;
				ASSETCATALOG_COMPILER_GLOBAL_ACCENT_COLOR_NAME = AccentColor;
				CODE_SIGN_STYLE = Automatic;
				CURRENT_PROJECT_VERSION = 1;
				DEVELOPMENT_ASSET_PATHS = "\"workout/Preview Content\"";
				DEVELOPMENT_TEAM = 62TRG6G4RG;
				ENABLE_PREVIEWS = YES;
				GENERATE_INFOPLIST_FILE = YES;
				INFOPLIST_KEY_CFBundleDisplayName = "筋トレログ";
				INFOPLIST_KEY_UIApplicationSceneManifest_Generation = YES;
				INFOPLIST_KEY_UIApplicationSupportsIndirectInputEvents = YES;
				INFOPLIST_KEY_UILaunchScreen_Generation = YES;
				INFOPLIST_KEY_UISupportedInterfaceOrientations_iPad = "UIInterfaceOrientationPortrait UIInterfaceOrientationPortraitUpsideDown UIInterfaceOrientationLandscapeLeft UIInterfaceOrientationLandscapeRight";
				INFOPLIST_KEY_UISupportedInterfaceOrientations_iPhone = "UIInterfaceOrientationPortrait UIInterfaceOrientationLandscapeLeft UIInterfaceOrientationLandscapeRight";
				LD_RUNPATH_SEARCH_PATHS = (
					"$(inherited)",
					"@executable_path/Frameworks",
				);
				MARKETING_VERSION = 1.0;
				PRODUCT_BUNDLE_IDENTIFIER = "workout-app.workout";
				PRODUCT_NAME = "$(TARGET_NAME)";
				SWIFT_EMIT_LOC_STRINGS = YES;
				SWIFT_VERSION = 6.0;
				TARGETED_DEVICE_FAMILY = "1,2";
			};
			name = Debug;
		};
		FA301B712F05FB760005BF68 /* Release */ = {
			isa = XCBuildConfiguration;
			baseConfigurationReference = 8342BABC707970470859B2B6 /* Pods-workout.release.xcconfig */;
			buildSettings = {
				ASSETCATALOG_COMPILER_APPICON_NAME = AppIcon;
				ASSETCATALOG_COMPILER_GLOBAL_ACCENT_COLOR_NAME = AccentColor;
				CODE_SIGN_STYLE = Automatic;
				CURRENT_PROJECT_VERSION = 1;
				DEVELOPMENT_ASSET_PATHS = "\"workout/Preview Content\"";
				DEVELOPMENT_TEAM = 62TRG6G4RG;
				ENABLE_PREVIEWS = YES;
				GENERATE_INFOPLIST_FILE = YES;
				INFOPLIST_KEY_CFBundleDisplayName = "筋トレログ";
				INFOPLIST_KEY_UIApplicationSceneManifest_Generation = YES;
				INFOPLIST_KEY_UIApplicationSupportsIndirectInputEvents = YES;
				INFOPLIST_KEY_UILaunchScreen_Generation = YES;
				INFOPLIST_KEY_UISupportedInterfaceOrientations_iPad = "UIInterfaceOrientationPortrait UIInterfaceOrientationPortraitUpsideDown UIInterfaceOrientationLandscapeLeft UIInterfaceOrientationLandscapeRight";
				INFOPLIST_KEY_UISupportedInterfaceOrientations_iPhone = "UIInterfaceOrientationPortrait UIInterfaceOrientationLandscapeLeft UIInterfaceOrientationLandscapeRight";
				LD_RUNPATH_SEARCH_PATHS = (
					"$(inherited)",
					"@executable_path/Frameworks",
				);
				MARKETING_VERSION = 1.0;
				PRODUCT_BUNDLE_IDENTIFIER = "workout-app.workout";
				PRODUCT_NAME = "$(TARGET_NAME)";
				SWIFT_EMIT_LOC_STRINGS = YES;
				SWIFT_VERSION = 6.0;
				TARGETED_DEVICE_FAMILY = "1,2";
			};
			name = Release;
		};
		FA301B732F05FB760005BF68 /* Debug */ = {
			isa = XCBuildConfiguration;
			baseConfigurationReference = 43DB595D3F6F75AE7282DA6D /* Pods-workoutTests.debug.xcconfig */;
			buildSettings = {
				BUNDLE_LOADER = "$(TEST_HOST)";
				CODE_SIGN_STYLE = Automatic;
				CURRENT_PROJECT_VERSION = 1;
				DEVELOPMENT_TEAM = 62TRG6G4RG;
				GENERATE_INFOPLIST_FILE = YES;
				IPHONEOS_DEPLOYMENT_TARGET = 18.2;
				MARKETING_VERSION = 1.0;
				PRODUCT_BUNDLE_IDENTIFIER = "workout-app.workoutTests";
				PRODUCT_NAME = "$(TARGET_NAME)";
				SWIFT_EMIT_LOC_STRINGS = NO;
				SWIFT_VERSION = 6.0;
				TARGETED_DEVICE_FAMILY = "1,2";
				TEST_HOST = "$(BUILT_PRODUCTS_DIR)/workout.app/$(BUNDLE_EXECUTABLE_FOLDER_PATH)/workout";
			};
			name = Debug;
		};
		FA301B742F05FB760005BF68 /* Release */ = {
			isa = XCBuildConfiguration;
			baseConfigurationReference = C52BDC763F65D3F3AA0D65E4 /* Pods-workoutTests.release.xcconfig */;
			buildSettings = {
				BUNDLE_LOADER = "$(TEST_HOST)";
				CODE_SIGN_STYLE = Automatic;
				CURRENT_PROJECT_VERSION = 1;
				DEVELOPMENT_TEAM = 62TRG6G4RG;
				GENERATE_INFOPLIST_FILE = YES;
				IPHONEOS_DEPLOYMENT_TARGET = 18.2;
				MARKETING_VERSION = 1.0;
				PRODUCT_BUNDLE_IDENTIFIER = "workout-app.workoutTests";
				PRODUCT_NAME = "$(TARGET_NAME)";
				SWIFT_EMIT_LOC_STRINGS = NO;
				SWIFT_VERSION = 6.0;
				TARGETED_DEVICE_FAMILY = "1,2";
				TEST_HOST = "$(BUILT_PRODUCTS_DIR)/workout.app/$(BUNDLE_EXECUTABLE_FOLDER_PATH)/workout";
			};
			name = Release;
		};
		FA301B762F05FB760005BF68 /* Debug */ = {
			isa = XCBuildConfiguration;
			baseConfigurationReference = 35A52EAE53A4B89ABF1391DA /* Pods-workoutUITests.debug.xcconfig */;
			buildSettings = {
				CODE_SIGN_STYLE = Automatic;
				CURRENT_PROJECT_VERSION = 1;
				DEVELOPMENT_TEAM = 62TRG6G4RG;
				GENERATE_INFOPLIST_FILE = YES;
				MARKETING_VERSION = 1.0;
				PRODUCT_BUNDLE_IDENTIFIER = "workout-app.workoutUITests";
				PRODUCT_NAME = "$(TARGET_NAME)";
				SWIFT_EMIT_LOC_STRINGS = NO;
				SWIFT_VERSION = 6.0;
				TARGETED_DEVICE_FAMILY = "1,2";
				TEST_TARGET_NAME = workout;
			};
			name = Debug;
		};
		FA301B772F05FB760005BF68 /* Release */ = {
			isa = XCBuildConfiguration;
			baseConfigurationReference = E5E198F5ADB60D4EC50B5858 /* Pods-workoutUITests.release.xcconfig */;
			buildSettings = {
				CODE_SIGN_STYLE = Automatic;
				CURRENT_PROJECT_VERSION = 1;
				DEVELOPMENT_TEAM = 62TRG6G4RG;
				GENERATE_INFOPLIST_FILE = YES;
				MARKETING_VERSION = 1.0;
				PRODUCT_BUNDLE_IDENTIFIER = "workout-app.workoutUITests";
				PRODUCT_NAME = "$(TARGET_NAME)";
				SWIFT_EMIT_LOC_STRINGS = NO;
				SWIFT_VERSION = 6.0;
				TARGETED_DEVICE_FAMILY = "1,2";
				TEST_TARGET_NAME = workout;
			};
			name = Release;
		};
/* End XCBuildConfiguration section */

/* Begin XCConfigurationList section */
		FA301B442F05FB720005BF68 /* Build configuration list for PBXProject "workout" */ = {
			isa = XCConfigurationList;
			buildConfigurations = (
				FA301B6D2F05FB760005BF68 /* Debug */,
				FA301B6E2F05FB760005BF68 /* Release */,
			);
			defaultConfigurationIsVisible = 0;
			defaultConfigurationName = Release;
		};
		FA301B6F2F05FB760005BF68 /* Build configuration list for PBXNativeTarget "workout" */ = {
			isa = XCConfigurationList;
			buildConfigurations = (
				FA301B702F05FB760005BF68 /* Debug */,
				FA301B712F05FB760005BF68 /* Release */,
			);
			defaultConfigurationIsVisible = 0;
			defaultConfigurationName = Release;
		};
		FA301B722F05FB760005BF68 /* Build configuration list for PBXNativeTarget "workoutTests" */ = {
			isa = XCConfigurationList;
			buildConfigurations = (
				FA301B732F05FB760005BF68 /* Debug */,
				FA301B742F05FB760005BF68 /* Release */,
			);
			defaultConfigurationIsVisible = 0;
			defaultConfigurationName = Release;
		};
		FA301B752F05FB760005BF68 /* Build configuration list for PBXNativeTarget "workoutUITests" */ = {
			isa = XCConfigurationList;
			buildConfigurations = (
				FA301B762F05FB760005BF68 /* Debug */,
				FA301B772F05FB760005BF68 /* Release */,
			);
			defaultConfigurationIsVisible = 0;
			defaultConfigurationName = Release;
		};
/* End XCConfigurationList section */

/* Begin XCRemoteSwiftPackageReference section */
		FA73868A2F0C109E004D1470 /* XCRemoteSwiftPackageReference "swift-package-manager-google-mobile-ads" */ = {
			isa = XCRemoteSwiftPackageReference;
			repositoryURL = "https://github.com/googleads/swift-package-manager-google-mobile-ads.git";
			requirement = {
				kind = upToNextMajorVersion;
				minimumVersion = 12.14.0;
			};
		};
/* End XCRemoteSwiftPackageReference section */
	};
	rootObject = FA301B412F05FB720005BF68 /* Project object */;
}
